{
  "nodes": {
    "agenix": {
      "inputs": {
        "nixpkgs": [
          "nixpkgs"
        ]
      },
      "locked": {
        "lastModified": 1627822587,
        "narHash": "sha256-AAFgsVe/ahLh1Ij2o98x6IMxz3Z+Tr97bFwa4nthB1w=",
        "owner": "ryantm",
        "repo": "agenix",
        "rev": "e6752e7b8592502df42066f156165471e62d902d",
        "type": "github"
      },
      "original": {
        "owner": "ryantm",
        "ref": "master",
        "repo": "agenix",
        "type": "github"
      }
    },
    "agkozak-zsh-prompt": {
      "flake": false,
      "locked": {
        "lastModified": 1608607810,
        "narHash": "sha256-VTRL+8ph2eI7iPht15epkLggAgtLGxB3DORFTW5GrhE=",
        "owner": "agkozak",
        "repo": "agkozak-zsh-prompt",
        "rev": "b6106d95fb9a006c7f9fd6cdc7c0cbd2fe51365a",
        "type": "github"
      },
      "original": {
        "owner": "agkozak",
        "repo": "agkozak-zsh-prompt",
        "type": "github"
      }
    },
    "coc-nvim": {
      "flake": false,
      "locked": {
        "lastModified": 1628534013,
        "narHash": "sha256-ZUEaK6uciF6Z/cohPFhigOZ0DkecdPac+QZ5lBev3BM=",
        "owner": "neoclide",
        "repo": "coc.nvim",
        "rev": "6a9a0ee38d2d28fc978db89237cdceb40aea6de3",
        "type": "github"
      },
      "original": {
        "owner": "neoclide",
        "ref": "release",
        "repo": "coc.nvim",
        "type": "github"
      }
    },
    "dart-vim": {
      "flake": false,
      "locked": {
        "lastModified": 1617657005,
        "narHash": "sha256-+iwF7X7ha1LeKIZDLqh661ecse8hqjqQbszQXHlNPMQ=",
        "owner": "dart-lang",
        "repo": "dart-vim-plugin",
        "rev": "d874c13dca7300178546de62e1aff7d4812640c7",
        "type": "github"
      },
      "original": {
        "owner": "dart-lang",
        "ref": "master",
        "repo": "dart-vim-plugin",
        "type": "github"
      }
    },
    "deploy-rs": {
      "inputs": {
        "flake-compat": "flake-compat",
        "naersk": "naersk",
        "nixpkgs": [
          "nixpkgs"
        ],
        "utils": "utils"
      },
      "locked": {
        "lastModified": 1628752686,
        "narHash": "sha256-Lzh9MYUJDsjgif+YEyOErXtj1IH+ci8J1C30g1ms69s=",
        "owner": "serokell",
        "repo": "deploy-rs",
        "rev": "e5546f9c2503c26d175f08a81fc0a0f330be4cbe",
        "type": "github"
      },
      "original": {
        "owner": "serokell",
        "repo": "deploy-rs",
        "type": "github"
      }
    },
    "dwm": {
      "flake": false,
      "locked": {
        "lastModified": 1620048194,
        "narHash": "sha256-KuLEV12MMjx49apulLe/AwNtN6EmHcw+3pavtyJYsO0=",
        "ref": "master",
        "rev": "bccb198e8f716311fd22446cda38970a74c8d5cc",
        "revCount": 1692,
        "type": "git",
        "url": "ssh://git@gitlab.hochkamp.eu/ragon/dwm"
      },
      "original": {
        "type": "git",
        "url": "ssh://git@gitlab.hochkamp.eu/ragon/dwm"
      }
    },
    "flake-compat": {
      "flake": false,
      "locked": {
        "lastModified": 1606424373,
        "narHash": "sha256-oq8d4//CJOrVj+EcOaSXvMebvuTkmBJuT5tzlfewUnQ=",
        "owner": "edolstra",
        "repo": "flake-compat",
        "rev": "99f1c2157fba4bfe6211a321fd0ee43199025dbf",
        "type": "github"
      },
      "original": {
        "owner": "edolstra",
        "repo": "flake-compat",
        "type": "github"
      }
    },
    "flake-compat_2": {
      "flake": false,
      "locked": {
        "lastModified": 1627913399,
        "narHash": "sha256-hY8g6H2KFL8ownSiFeMOjwPC8P0ueXpCVEbxgda3pko=",
        "owner": "edolstra",
        "repo": "flake-compat",
        "rev": "12c64ca55c1014cdc1b16ed5a804aa8576601ff2",
        "type": "github"
      },
      "original": {
        "owner": "edolstra",
        "repo": "flake-compat",
        "type": "github"
      }
    },
    "flake-compat_3": {
      "flake": false,
      "locked": {
        "lastModified": 1627913399,
        "narHash": "sha256-hY8g6H2KFL8ownSiFeMOjwPC8P0ueXpCVEbxgda3pko=",
        "owner": "edolstra",
        "repo": "flake-compat",
        "rev": "12c64ca55c1014cdc1b16ed5a804aa8576601ff2",
        "type": "github"
      },
      "original": {
        "owner": "edolstra",
        "repo": "flake-compat",
        "type": "github"
      }
    },
    "flake-utils": {
      "locked": {
        "lastModified": 1623875721,
        "narHash": "sha256-A8BU7bjS5GirpAUv4QA+QnJ4CceLHkcXdRp4xITDB0s=",
        "owner": "numtide",
        "repo": "flake-utils",
        "rev": "f7e004a55b120c02ecb6219596820fcd32ca8772",
        "type": "github"
      },
      "original": {
        "owner": "numtide",
        "repo": "flake-utils",
        "type": "github"
      }
    },
    "flake-utils_2": {
      "locked": {
        "lastModified": 1623875721,
        "narHash": "sha256-A8BU7bjS5GirpAUv4QA+QnJ4CceLHkcXdRp4xITDB0s=",
        "owner": "numtide",
        "repo": "flake-utils",
        "rev": "f7e004a55b120c02ecb6219596820fcd32ca8772",
        "type": "github"
      },
      "original": {
        "owner": "numtide",
        "repo": "flake-utils",
        "type": "github"
      }
    },
    "home-manager": {
      "inputs": {
        "nixpkgs": [
          "nixpkgs"
        ]
      },
      "locked": {
        "lastModified": 1628837533,
        "narHash": "sha256-SQ+3ma51/vkJrk2ISiW1zVqcsQq+dqgUDkus6V5SxrU=",
        "owner": "nix-community",
        "repo": "home-manager",
        "rev": "a965b097b1e0c3bcf22f39413afd1ec6cc1f5335",
        "type": "github"
      },
      "original": {
        "owner": "nix-community",
        "repo": "home-manager",
        "type": "github"
      }
    },
    "impermanence": {
      "locked": {
        "lastModified": 1611747548,
        "narHash": "sha256-2z5wmWda1uI4IkTZrW52jiHq3bzhYLc+GgjvaSd544M=",
        "owner": "nix-community",
        "repo": "impermanence",
        "rev": "58558845bc68dcf2bb32caa80564f7fe3f6cbc61",
        "type": "github"
      },
      "original": {
        "owner": "nix-community",
        "repo": "impermanence",
        "type": "github"
      }
    },
    "naersk": {
      "inputs": {
        "nixpkgs": [
          "nixpkgs"
        ]
      },
      "locked": {
        "lastModified": 1622810282,
        "narHash": "sha256-4wmvM3/xfD0hCdNDIXVzRMfL4yB1J+DjH6Zte2xbAxk=",
        "owner": "nmattia",
        "repo": "naersk",
        "rev": "e8061169e1495871b56be97c5c51d310fae01374",
        "type": "github"
      },
      "original": {
        "owner": "nmattia",
        "ref": "master",
        "repo": "naersk",
        "type": "github"
      }
    },
    "naersk_2": {
      "inputs": {
        "nixpkgs": "nixpkgs_2"
      },
      "locked": {
        "lastModified": 1605267184,
        "narHash": "sha256-0FSNlq6nN0/W88fg5kTkgRhAOQ8pI+uSZqBG9w49pMM=",
        "owner": "nmattia",
        "repo": "naersk",
        "rev": "ce273fa593dcc94a629d0d869f07d96d2b337e37",
        "type": "github"
      },
      "original": {
        "owner": "nmattia",
        "repo": "naersk",
        "type": "github"
      }
    },
    "neovim-flake": {
      "inputs": {
        "flake-utils": "flake-utils",
        "nixpkgs": [
          "nixpkgs"
        ]
      },
      "locked": {
        "dir": "contrib",
        "lastModified": 1628696316,
        "narHash": "sha256-SpafCjN4aWqS2zcBc70D8Y0idUJ7ZbNddYct+ucPOT4=",
        "owner": "neovim",
        "repo": "neovim",
        "rev": "7d2233fad007a3dd42481f8ffc01e69b57a17f9e",
        "type": "github"
      },
      "original": {
        "dir": "contrib",
        "owner": "neovim",
        "repo": "neovim",
        "type": "github"
      }
    },
    "neovim-nightly-overlay": {
      "inputs": {
        "flake-compat": "flake-compat_3",
        "neovim-flake": "neovim-flake",
        "nixpkgs": [
          "nixpkgs"
        ]
      },
      "locked": {
        "lastModified": 1628842604,
        "narHash": "sha256-67aNSFVL8wMZfO2VvPmc6jNjm5ChGyTK2npoQ3hrQFo=",
        "owner": "nix-community",
        "repo": "neovim-nightly-overlay",
        "rev": "1fb501656cb08d2302689da3b5fc9d35d8d9248e",
        "type": "github"
      },
      "original": {
        "owner": "nix-community",
        "repo": "neovim-nightly-overlay",
        "type": "github"
      }
    },
    "nextshot": {
      "flake": false,
      "locked": {
        "lastModified": 1597299824,
        "narHash": "sha256-mDn4Iz14AOWZNQE6y9ck49Tc+jXVpZ5wMEqmBSyjc7s=",
        "owner": "dshoreman",
        "repo": "nextshot",
        "rev": "e0e520a038479e161fee34cf7a9d7078a7a680c4",
        "type": "github"
      },
      "original": {
        "owner": "dshoreman",
        "ref": "develop",
        "repo": "nextshot",
        "type": "github"
      }
    },
    "nixos-hardware": {
      "locked": {
        "lastModified": 1628440507,
        "narHash": "sha256-xXnG0f3fuuCbBpiVuzsIOd59AMgTGNE0/tAhMV+oEHY=",
        "owner": "NixOS",
        "repo": "nixos-hardware",
        "rev": "7da029f26849f8696ac49652312c9171bf9eb170",
        "type": "github"
      },
      "original": {
        "owner": "NixOS",
        "ref": "master",
        "repo": "nixos-hardware",
        "type": "github"
      }
    },
    "nixpkgs": {
      "locked": {
        "lastModified": 1628858312,
        "narHash": "sha256-3u5GHCLmB3SctJMHwVguMPRkkRzmLQhR88r5bDWAPX4=",
        "owner": "NixOS",
        "repo": "nixpkgs",
        "rev": "5fc7992364b278e2aa93914a6adccffefcf2ed67",
        "type": "github"
      },
      "original": {
        "owner": "NixOS",
        "ref": "nixos-unstable-small",
        "repo": "nixpkgs",
        "type": "github"
      }
    },
    "nixpkgs-master": {
      "locked": {
        "lastModified": 1628880119,
        "narHash": "sha256-25ugfmzKf+qtTa1NdohsGm/fE7hUiVkRqKXrGe/A37U=",
        "owner": "NixOS",
        "repo": "nixpkgs",
        "rev": "cfda443b6874f37a2373626a616c005de5635a94",
        "type": "github"
      },
      "original": {
        "owner": "NixOS",
        "ref": "master",
        "repo": "nixpkgs",
        "type": "github"
      }
    },
    "nixpkgs_2": {
      "locked": {
        "lastModified": 1605988311,
        "narHash": "sha256-PA+kgq46NApOAJlmBNJHs5DwsIrY+jodM0e4g7VtXyY=",
        "owner": "NixOS",
        "repo": "nixpkgs",
        "rev": "2247d824fe07f16325596acc7faa286502faffd1",
        "type": "github"
      },
      "original": {
        "id": "nixpkgs",
        "type": "indirect"
      }
    },
    "nnn-vim": {
      "flake": false,
      "locked": {
        "lastModified": 1628671975,
        "narHash": "sha256-BXUEAVS2jfCq9QHeVPIV4N1ytTNf7lOzcGGu0HopVlc=",
        "owner": "mcchrish",
        "repo": "nnn.vim",
        "rev": "40ea24ad904f082d593f6f2250521cd8a51a21a1",
        "type": "github"
      },
      "original": {
        "owner": "mcchrish",
        "repo": "nnn.vim",
        "type": "github"
      }
    },
    "pandoc-latex-template": {
      "flake": false,
      "locked": {
        "lastModified": 1619644164,
        "narHash": "sha256-fcBGAuURwAEokTYnLiLFzAUYwsR6FdP/v3wlhVzDagc=",
        "owner": "Wandmalfarbe",
        "repo": "pandoc-latex-template",
        "rev": "4909f13d58bb4c66243def1f6e01becd1820c767",
        "type": "github"
      },
      "original": {
        "owner": "Wandmalfarbe",
        "repo": "pandoc-latex-template",
        "type": "github"
      }
    },
    "pandocode": {
      "flake": false,
      "locked": {
        "lastModified": 1621366119,
        "narHash": "sha256-72LiNBdyFvGt8WsBjZzZUV8Cm/TixSwQmPZSCMBMFBM=",
        "owner": "nzbr",
        "repo": "pandocode",
        "rev": "f5b9e2266a00f44c8ab9624e154f5873b0d0f857",
        "type": "github"
      },
      "original": {
        "owner": "nzbr",
        "repo": "pandocode",
        "type": "github"
      }
    },
    "paperless": {
      "locked": {
        "lastModified": 1627328170,
        "narHash": "sha256-S1F5VNaUwZyYDj/ZuqGUkapnT7oNL102liOr/irWi1Q=",
        "owner": "Flakebi",
        "repo": "nixpkgs",
        "rev": "32095dd69ca8af3fd55e2224b60e21a0ae074a8a",
        "type": "github"
      },
      "original": {
        "owner": "Flakebi",
        "ref": "paperless",
        "repo": "nixpkgs",
        "type": "github"
      }
    },
    "rnix-lsp": {
      "inputs": {
        "naersk": "naersk_2",
        "nixpkgs": [
          "nixpkgs"
        ],
        "utils": "utils_2"
      },
      "locked": {
        "lastModified": 1626644818,
        "narHash": "sha256-w0hpyFXxltmOpbBKNQ2tfKRWELQzStc/ho1EcNyYaWc=",
        "owner": "nix-community",
        "repo": "rnix-lsp",
        "rev": "1fdd7cf9bf56b8ad2dddcfd27354dae8aef2b453",
        "type": "github"
      },
      "original": {
        "owner": "nix-community",
        "repo": "rnix-lsp",
        "type": "github"
      }
    },
    "root": {
      "inputs": {
        "agenix": "agenix",
        "agkozak-zsh-prompt": "agkozak-zsh-prompt",
        "coc-nvim": "coc-nvim",
        "dart-vim": "dart-vim",
        "deploy-rs": "deploy-rs",
        "dwm": "dwm",
        "flake-compat": "flake-compat_2",
        "home-manager": "home-manager",
        "impermanence": "impermanence",
        "neovim-nightly-overlay": "neovim-nightly-overlay",
        "nextshot": "nextshot",
        "nixos-hardware": "nixos-hardware",
        "nixpkgs": "nixpkgs",
        "nixpkgs-master": "nixpkgs-master",
        "nnn-vim": "nnn-vim",
        "pandoc-latex-template": "pandoc-latex-template",
        "pandocode": "pandocode",
        "paperless": "paperless",
        "rnix-lsp": "rnix-lsp",
        "st": "st",
        "vim-pandoc-live-preview": "vim-pandoc-live-preview",
        "zsh-completions": "zsh-completions",
        "zsh-syntax-highlighting": "zsh-syntax-highlighting",
        "zsh-vim-mode": "zsh-vim-mode"
      }
    },
    "st": {
      "inputs": {
        "flake-utils": "flake-utils_2",
        "nixpkgs": [
          "nixpkgs"
        ]
      },
      "locked": {
        "lastModified": 1627245857,
        "narHash": "sha256-mFh4BC8wXPkEh6efQGAQVFXNPNrXKVRL1NrMLM34eNY=",
        "owner": "ragon000",
        "repo": "st",
        "rev": "436712eb7a2d961fbca7b530e8a302f3acbc05e2",
        "type": "github"
      },
      "original": {
        "owner": "ragon000",
        "ref": "ragon",
        "repo": "st",
        "type": "github"
      }
    },
    "utils": {
      "locked": {
        "lastModified": 1622445595,
        "narHash": "sha256-m+JRe6Wc5OZ/mKw2bB3+Tl0ZbtyxxxfnAWln8Q5qs+Y=",
        "owner": "numtide",
        "repo": "flake-utils",
        "rev": "7d706970d94bc5559077eb1a6600afddcd25a7c8",
        "type": "github"
      },
      "original": {
        "owner": "numtide",
        "repo": "flake-utils",
        "type": "github"
      }
    },
    "utils_2": {
      "locked": {
        "lastModified": 1605370193,
        "narHash": "sha256-YyMTf3URDL/otKdKgtoMChu4vfVL3vCMkRqpGifhUn0=",
        "owner": "numtide",
        "repo": "flake-utils",
        "rev": "5021eac20303a61fafe17224c087f5519baed54d",
        "type": "github"
      },
      "original": {
        "owner": "numtide",
        "repo": "flake-utils",
        "type": "github"
      }
    },
    "vim-pandoc-live-preview": {
      "flake": false,
      "locked": {
        "lastModified": 1547318775,
        "narHash": "sha256-6LG59vNxRGVpFCnSMefuKL6lE6d/QUPmibqDrreYDuw=",
        "owner": "ragon000",
        "repo": "vim-pandoc-live-preview",
        "rev": "993c3389054148260610210022668a16a1a916ad",
        "type": "github"
      },
      "original": {
        "owner": "ragon000",
        "ref": "master",
        "repo": "vim-pandoc-live-preview",
        "type": "github"
      }
    },
    "zsh-completions": {
      "flake": false,
      "locked": {
        "lastModified": 1626689511,
        "narHash": "sha256-OOMabAhRcgs7YpCx+g6yIqTHDMwMueBD+s7P+WCdHPk=",
        "owner": "zsh-users",
        "repo": "zsh-completions",
        "rev": "d4511c23659381b56dec8be8c8553b7ff3dc5fd8",
        "type": "github"
      },
      "original": {
        "owner": "zsh-users",
        "repo": "zsh-completions",
        "type": "github"
      }
    },
    "zsh-syntax-highlighting": {
      "flake": false,
      "locked": {
        "lastModified": 1625340797,
        "narHash": "sha256-3G6c6uOqYTp2WmfmwJ5qIYsnhSLF2UZ3iyCNEpdjjzc=",
        "owner": "zsh-users",
        "repo": "zsh-syntax-highlighting",
        "rev": "dffe304567c86f06bf1be0fce200077504e79783",
        "type": "github"
      },
      "original": {
        "owner": "zsh-users",
        "ref": "master",
        "repo": "zsh-syntax-highlighting",
        "type": "github"
      }
    },
    "zsh-vim-mode": {
      "flake": false,
      "locked": {
        "lastModified": 1616290526,
        "narHash": "sha256-a+6EWMRY1c1HQpNtJf5InCzU7/RphZjimLdXIXbO6cQ=",
        "owner": "softmoth",
        "repo": "zsh-vim-mode",
        "rev": "1f9953b7d6f2f0a8d2cb8e8977baa48278a31eab",
        "type": "github"
      },
      "original": {
        "owner": "softmoth",
        "repo": "zsh-vim-mode",
        "type": "github"
      }
    }
  },
  "root": "root",
  "version": 7
}
