{
  "nodes": {
    "agenix": {
      "inputs": {
        "darwin": "darwin",
        "home-manager": "home-manager",
        "nixpkgs": [
          "nixpkgs"
        ],
        "systems": "systems"
      },
      "locked": {
        "lastModified": 1715290355,
        "narHash": "sha256-2T7CHTqBXJJ3ZC6R/4TXTcKoXWHcvubKNj9SfomURnw=",
        "owner": "ryantm",
        "repo": "agenix",
        "rev": "8d37c5bdeade12b6479c85acd133063ab53187a0",
        "type": "github"
      },
      "original": {
        "owner": "ryantm",
        "ref": "main",
        "repo": "agenix",
        "type": "github"
      }
    },
    "agkozak-zsh-prompt": {
      "flake": false,
      "locked": {
        "lastModified": 1709936542,
        "narHash": "sha256-YBqFA/DK2K1effniwjPSe5VMx9tZGbmxyJp92TiingU=",
        "owner": "agkozak",
        "repo": "agkozak-zsh-prompt",
        "rev": "617fc2e6d6ec56d79a22804a37188c586a7ced31",
        "type": "github"
      },
      "original": {
        "owner": "agkozak",
        "repo": "agkozak-zsh-prompt",
        "type": "github"
      }
    },
    "darwin": {
      "inputs": {
        "nixpkgs": [
          "agenix",
          "nixpkgs"
        ]
      },
      "locked": {
        "lastModified": 1700795494,
        "narHash": "sha256-gzGLZSiOhf155FW7262kdHo2YDeugp3VuIFb4/GGng0=",
        "owner": "lnl7",
        "repo": "nix-darwin",
        "rev": "4b9b83d5a92e8c1fbfd8eb27eda375908c11ec4d",
        "type": "github"
      },
      "original": {
        "owner": "lnl7",
        "ref": "master",
        "repo": "nix-darwin",
        "type": "github"
      }
    },
    "darwin_2": {
      "inputs": {
        "nixpkgs": [
          "nixpkgs"
        ]
      },
      "locked": {
        "lastModified": 1713946171,
        "narHash": "sha256-lc75rgRQLdp4Dzogv5cfqOg6qYc5Rp83oedF2t0kDp8=",
        "owner": "lnl7",
        "repo": "nix-darwin",
        "rev": "230a197063de9287128e2c68a7a4b0cd7d0b50a7",
        "type": "github"
      },
      "original": {
        "owner": "lnl7",
        "ref": "master",
        "repo": "nix-darwin",
        "type": "github"
      }
    },
    "flake-parts": {
      "inputs": {
        "nixpkgs-lib": "nixpkgs-lib"
      },
      "locked": {
        "lastModified": 1714606777,
        "narHash": "sha256-bMkNmAXLj8iyTvxaaD/StcLSadbj1chPcJOjtuVnLmA=",
        "owner": "hercules-ci",
        "repo": "flake-parts",
        "rev": "4d34ce6412bc450b1d4208c953dc97c7fc764f1a",
        "type": "github"
      },
      "original": {
        "owner": "hercules-ci",
        "repo": "flake-parts",
        "type": "github"
      }
    },
    "flake-root": {
      "locked": {
        "lastModified": 1713493429,
        "narHash": "sha256-ztz8JQkI08tjKnsTpfLqzWoKFQF4JGu2LRz8bkdnYUk=",
        "owner": "srid",
        "repo": "flake-root",
        "rev": "bc748b93b86ee76e2032eecda33440ceb2532fcd",
        "type": "github"
      },
      "original": {
        "owner": "srid",
        "repo": "flake-root",
        "type": "github"
      }
    },
    "flake-utils": {
      "inputs": {
        "systems": "systems_2"
      },
      "locked": {
        "lastModified": 1709126324,
        "narHash": "sha256-q6EQdSeUZOG26WelxqkmR7kArjgWCdw5sfJVHPH/7j8=",
        "owner": "numtide",
        "repo": "flake-utils",
        "rev": "d465f4819400de7c8d874d50b982301f28a84605",
        "type": "github"
      },
      "original": {
        "owner": "numtide",
        "repo": "flake-utils",
        "type": "github"
      }
    },
    "flake-utils_2": {
      "inputs": {
        "systems": "systems_3"
      },
      "locked": {
        "lastModified": 1705309234,
        "narHash": "sha256-uNRRNRKmJyCRC/8y1RqBkqWBLM034y4qN7EprSdmgyA=",
        "owner": "numtide",
        "repo": "flake-utils",
        "rev": "1ef2e671c3b0c19053962c07dbda38332dcebf26",
        "type": "github"
      },
      "original": {
        "owner": "numtide",
        "repo": "flake-utils",
        "type": "github"
      }
    },
    "flake-utils_3": {
      "inputs": {
        "systems": "systems_4"
      },
      "locked": {
        "lastModified": 1685518550,
        "narHash": "sha256-o2d0KcvaXzTrPRIo0kOLV0/QXHhDQ5DTi+OxcjO8xqY=",
        "owner": "numtide",
        "repo": "flake-utils",
        "rev": "a1720a10a6cfe8234c0e93907ffe81be440f4cef",
        "type": "github"
      },
      "original": {
        "owner": "numtide",
        "repo": "flake-utils",
        "type": "github"
      }
    },
    "home-manager": {
      "inputs": {
        "nixpkgs": [
          "agenix",
          "nixpkgs"
        ]
      },
      "locked": {
        "lastModified": 1703113217,
        "narHash": "sha256-7ulcXOk63TIT2lVDSExj7XzFx09LpdSAPtvgtM7yQPE=",
        "owner": "nix-community",
        "repo": "home-manager",
        "rev": "3bfaacf46133c037bb356193bd2f1765d9dc82c1",
        "type": "github"
      },
      "original": {
        "owner": "nix-community",
        "repo": "home-manager",
        "type": "github"
      }
    },
    "home-manager_2": {
      "inputs": {
        "nixpkgs": [
          "nixpkgs"
        ]
      },
      "locked": {
        "lastModified": 1714043624,
        "narHash": "sha256-Xn2r0Jv95TswvPlvamCC46wwNo8ALjRCMBJbGykdhcM=",
        "owner": "nix-community",
        "repo": "home-manager",
        "rev": "86853e31dc1b62c6eeed11c667e8cdd0285d4411",
        "type": "github"
      },
      "original": {
        "owner": "nix-community",
        "ref": "release-23.11",
        "repo": "home-manager",
        "type": "github"
      }
    },
    "imab": {
      "inputs": {
        "flake-utils": "flake-utils",
        "nixpkgs": [
          "nixpkgs"
        ],
        "rust-overlay": "rust-overlay"
      },
      "locked": {
        "lastModified": 1713941940,
        "narHash": "sha256-ddfMVd3udQlYWC5jrsM9att+kNWWid44OjDP/CinSCQ=",
        "owner": "ulyssa",
        "repo": "iamb",
        "rev": "c6982c97372850c62126210b9180726b54e529c1",
        "type": "github"
      },
      "original": {
        "owner": "ulyssa",
        "repo": "iamb",
        "type": "github"
      }
    },
    "impermanence": {
      "locked": {
        "lastModified": 1708968331,
        "narHash": "sha256-VUXLaPusCBvwM3zhGbRIJVeYluh2uWuqtj4WirQ1L9Y=",
        "owner": "nix-community",
        "repo": "impermanence",
        "rev": "a33ef102a02ce77d3e39c25197664b7a636f9c30",
        "type": "github"
      },
      "original": {
        "owner": "nix-community",
        "repo": "impermanence",
        "type": "github"
      }
    },
    "lolpizza": {
      "inputs": {
        "nixpkgs": [
          "nixpkgs"
        ],
        "pnpm2nix": "pnpm2nix"
      },
      "locked": {
        "lastModified": 1689004825,
        "narHash": "sha256-ZAFoZ5c+nVQ7IfLPHt6ofBshuVr2n7y8wUS4b7QmCaE=",
        "owner": "thexyno",
        "repo": "lolpizza2",
        "rev": "61d0f5178ad60e7799e604b0372decfcffc05bf7",
        "type": "github"
      },
      "original": {
        "owner": "thexyno",
        "repo": "lolpizza2",
        "type": "github"
      }
    },
    "miro": {
      "flake": false,
      "locked": {
        "lastModified": 1644177791,
        "narHash": "sha256-t8L6UboaOcg6JkGjX1NTd13Yw7ATySGxmnkJ7wUyZAE=",
        "owner": "miromannino",
        "repo": "miro-windows-manager",
        "rev": "faa6f5f0bc025cc2465f3198609d2123d86101c2",
        "type": "github"
      },
      "original": {
        "owner": "miromannino",
        "repo": "miro-windows-manager",
        "type": "github"
      }
    },
    "nixd": {
      "inputs": {
        "flake-parts": "flake-parts",
        "flake-root": "flake-root",
        "nixpkgs": [
          "nixpkgs"
        ]
      },
      "locked": {
        "lastModified": 1714622771,
        "narHash": "sha256-fZs0u4ep+RH7U69Jo/GAjwd1iSVFSByeAOju8ucsPx8=",
        "owner": "nix-community",
        "repo": "nixd",
        "rev": "af6bb716038eecf5bad0ead6ed14a4c1e5b74c13",
        "type": "github"
      },
      "original": {
        "owner": "nix-community",
        "repo": "nixd",
        "type": "github"
      }
    },
    "nixos-hardware": {
      "locked": {
        "lastModified": 1715148395,
        "narHash": "sha256-lRxjTxY3103LGMjWdVqntKZHhlmMX12QUjeFrQMmGaE=",
        "owner": "NixOS",
        "repo": "nixos-hardware",
        "rev": "a4e2b7909fc1bdf30c30ef21d388fde0b5cdde4a",
        "type": "github"
      },
      "original": {
        "owner": "NixOS",
        "ref": "master",
        "repo": "nixos-hardware",
        "type": "github"
      }
    },
    "nixpkgs": {
      "locked": {
        "lastModified": 1706487304,
        "narHash": "sha256-LE8lVX28MV2jWJsidW13D2qrHU/RUUONendL2Q/WlJg=",
        "owner": "NixOS",
        "repo": "nixpkgs",
        "rev": "90f456026d284c22b3e3497be980b2e47d0b28ac",
        "type": "github"
      },
      "original": {
        "owner": "NixOS",
        "ref": "nixpkgs-unstable",
        "repo": "nixpkgs",
        "type": "github"
      }
    },
    "nixpkgs-darwin": {
      "locked": {
        "lastModified": 1715289046,
        "narHash": "sha256-+AcieSU7Hz96QmtvnKYee/7DdHoZngeKGfkNgLirtTE=",
        "owner": "NixOS",
        "repo": "nixpkgs",
        "rev": "3e66e7d2691aabbd54142c908981eb73eb2aa011",
        "type": "github"
      },
      "original": {
        "owner": "NixOS",
        "ref": "nixpkgs-23.11-darwin",
        "repo": "nixpkgs",
        "type": "github"
      }
    },
    "nixpkgs-lib": {
      "locked": {
        "dir": "lib",
        "lastModified": 1714253743,
        "narHash": "sha256-mdTQw2XlariysyScCv2tTE45QSU9v/ezLcHJ22f0Nxc=",
        "owner": "NixOS",
        "repo": "nixpkgs",
        "rev": "58a1abdbae3217ca6b702f03d3b35125d88a2994",
        "type": "github"
      },
      "original": {
        "dir": "lib",
        "owner": "NixOS",
        "ref": "nixos-unstable",
        "repo": "nixpkgs",
        "type": "github"
      }
    },
    "nixpkgs-master": {
      "locked": {
        "lastModified": 1715339633,
        "narHash": "sha256-Y7hNufSoohTLKXMG/Bv2ZGqSja8RNERF1of3EPNSgQU=",
        "owner": "NixOS",
        "repo": "nixpkgs",
        "rev": "adc41e1e3e0b77fbc4e214be7493a22cd107a3dd",
        "type": "github"
      },
      "original": {
        "owner": "NixOS",
        "ref": "master",
        "repo": "nixpkgs",
        "type": "github"
      }
    },
    "nixpkgs_2": {
      "locked": {
        "lastModified": 1715218190,
        "narHash": "sha256-R98WOBHkk8wIi103JUVQF3ei3oui4HvoZcz9tYOAwlk=",
        "owner": "NixOS",
        "repo": "nixpkgs",
        "rev": "9a9960b98418f8c385f52de3b09a63f9c561427a",
        "type": "github"
      },
      "original": {
        "owner": "NixOS",
        "ref": "nixos-23.11",
        "repo": "nixpkgs",
        "type": "github"
      }
    },
    "nnn-nvim": {
      "flake": false,
      "locked": {
        "lastModified": 1686184812,
        "narHash": "sha256-iJTN1g5uoS6yj0CZ6Q5wsCAVYVim5zl4ObwVyLtJkQ0=",
        "owner": "luukvbaal",
        "repo": "nnn.nvim",
        "rev": "4616ec65eb0370af548e356c3ec542c1b167b415",
        "type": "github"
      },
      "original": {
        "owner": "luukvbaal",
        "repo": "nnn.nvim",
        "type": "github"
      }
    },
    "noice-nvim": {
      "flake": false,
      "locked": {
        "lastModified": 1715239046,
        "narHash": "sha256-YWqphpaxr/729/6NTDEWKOi2FnY/8xgjdsDQ9ePj7b8=",
        "owner": "folke",
        "repo": "noice.nvim",
        "rev": "09102ca2e9a3e9302119fdaf7a059a034e4a626d",
        "type": "github"
      },
      "original": {
        "owner": "folke",
        "repo": "noice.nvim",
        "type": "github"
      }
    },
    "notify-nvim": {
      "flake": false,
      "locked": {
        "lastModified": 1708161547,
        "narHash": "sha256-xJYPOX4YLcWojMCdP1RO22/7FMrbcBQxqxrcVCE2TrU=",
        "owner": "rcarriga",
        "repo": "nvim-notify",
        "rev": "5371f4bfc1f6d3adf4fe9d62cd3a9d44356bfd15",
        "type": "github"
      },
      "original": {
        "owner": "rcarriga",
        "repo": "nvim-notify",
        "type": "github"
      }
    },
    "pandoc-latex-template": {
      "flake": false,
      "locked": {
        "lastModified": 1714386920,
        "narHash": "sha256-XmyjUr5gEFP2mCbsAXOxzmBPQa5grAsxUecze3qdBMU=",
        "owner": "Wandmalfarbe",
        "repo": "pandoc-latex-template",
        "rev": "75fde9be1bb3457e26e3118b58ede6a111c7b4a0",
        "type": "github"
      },
      "original": {
        "owner": "Wandmalfarbe",
        "repo": "pandoc-latex-template",
        "type": "github"
      }
    },
    "pnpm2nix": {
      "inputs": {
        "flake-utils": "flake-utils_3",
        "nixpkgs": [
          "lolpizza",
          "nixpkgs"
        ]
      },
      "locked": {
        "lastModified": 1685983557,
        "narHash": "sha256-zzSsezK3YEvdZ/8+xnJELmimfKo12xxjC7tFdjsgH/0=",
        "owner": "nzbr",
        "repo": "pnpm2nix-nzbr",
        "rev": "50b3587d90ea72640447ec4ed5604dabcfe06606",
        "type": "github"
      },
      "original": {
        "owner": "nzbr",
        "repo": "pnpm2nix-nzbr",
        "type": "github"
      }
    },
    "root": {
      "inputs": {
        "agenix": "agenix",
        "agkozak-zsh-prompt": "agkozak-zsh-prompt",
        "darwin": "darwin_2",
        "home-manager": "home-manager_2",
        "imab": "imab",
        "impermanence": "impermanence",
        "lolpizza": "lolpizza",
        "miro": "miro",
        "nixd": "nixd",
        "nixos-hardware": "nixos-hardware",
        "nixpkgs": "nixpkgs_2",
        "nixpkgs-darwin": "nixpkgs-darwin",
        "nixpkgs-master": "nixpkgs-master",
        "nnn-nvim": "nnn-nvim",
        "noice-nvim": "noice-nvim",
        "notify-nvim": "notify-nvim",
        "pandoc-latex-template": "pandoc-latex-template",
        "spoons": "spoons",
        "utils": "utils",
        "x": "x",
        "xonsh-direnv": "xonsh-direnv",
        "xonsh-fish-completer": "xonsh-fish-completer",
        "xynoblog": "xynoblog",
        "zsh-completions": "zsh-completions",
        "zsh-syntax-highlighting": "zsh-syntax-highlighting",
        "zsh-vim-mode": "zsh-vim-mode"
      }
    },
    "rust-overlay": {
      "inputs": {
        "flake-utils": "flake-utils_2",
        "nixpkgs": "nixpkgs"
      },
      "locked": {
        "lastModified": 1709863839,
        "narHash": "sha256-QpEL5FmZNi2By3sKZY55wGniFXc4wEn9PQczlE8TG0o=",
        "owner": "oxalica",
        "repo": "rust-overlay",
        "rev": "e5ab9ee98f479081ad971473d2bc13c59e9fbc0a",
        "type": "github"
      },
      "original": {
        "owner": "oxalica",
        "repo": "rust-overlay",
        "type": "github"
      }
    },
    "spoons": {
      "flake": false,
      "locked": {
        "lastModified": 1689613198,
        "narHash": "sha256-L9uaTX3xKZgEoWKUhzJk2pn9wJh764KkxDtJDmv/yeY=",
        "owner": "Hammerspoon",
        "repo": "Spoons",
        "rev": "5de05501a0bf8a691756e10469c190dce4f7c34e",
        "type": "github"
      },
      "original": {
        "owner": "Hammerspoon",
        "repo": "Spoons",
        "type": "github"
      }
    },
    "systems": {
      "locked": {
        "lastModified": 1681028828,
        "narHash": "sha256-Vy1rq5AaRuLzOxct8nz4T6wlgyUR7zLU309k9mBC768=",
        "owner": "nix-systems",
        "repo": "default",
        "rev": "da67096a3b9bf56a91d16901293e51ba5b49a27e",
        "type": "github"
      },
      "original": {
        "owner": "nix-systems",
        "repo": "default",
        "type": "github"
      }
    },
    "systems_2": {
      "locked": {
        "lastModified": 1681028828,
        "narHash": "sha256-Vy1rq5AaRuLzOxct8nz4T6wlgyUR7zLU309k9mBC768=",
        "owner": "nix-systems",
        "repo": "default",
        "rev": "da67096a3b9bf56a91d16901293e51ba5b49a27e",
        "type": "github"
      },
      "original": {
        "owner": "nix-systems",
        "repo": "default",
        "type": "github"
      }
    },
    "systems_3": {
      "locked": {
        "lastModified": 1681028828,
        "narHash": "sha256-Vy1rq5AaRuLzOxct8nz4T6wlgyUR7zLU309k9mBC768=",
        "owner": "nix-systems",
        "repo": "default",
        "rev": "da67096a3b9bf56a91d16901293e51ba5b49a27e",
        "type": "github"
      },
      "original": {
        "owner": "nix-systems",
        "repo": "default",
        "type": "github"
      }
    },
    "systems_4": {
      "locked": {
        "lastModified": 1681028828,
        "narHash": "sha256-Vy1rq5AaRuLzOxct8nz4T6wlgyUR7zLU309k9mBC768=",
        "owner": "nix-systems",
        "repo": "default",
        "rev": "da67096a3b9bf56a91d16901293e51ba5b49a27e",
        "type": "github"
      },
      "original": {
        "owner": "nix-systems",
        "repo": "default",
        "type": "github"
      }
    },
    "systems_5": {
      "locked": {
        "lastModified": 1681028828,
        "narHash": "sha256-Vy1rq5AaRuLzOxct8nz4T6wlgyUR7zLU309k9mBC768=",
        "owner": "nix-systems",
        "repo": "default",
        "rev": "da67096a3b9bf56a91d16901293e51ba5b49a27e",
        "type": "github"
      },
      "original": {
        "owner": "nix-systems",
        "repo": "default",
        "type": "github"
      }
    },
    "utils": {
      "inputs": {
        "systems": "systems_5"
      },
      "locked": {
        "lastModified": 1710146030,
        "narHash": "sha256-SZ5L6eA7HJ/nmkzGG7/ISclqe6oZdOZTNoesiInkXPQ=",
        "owner": "numtide",
        "repo": "flake-utils",
        "rev": "b1d9ab70662946ef0850d488da1c9019f3a9752a",
        "type": "github"
      },
      "original": {
        "owner": "numtide",
        "repo": "flake-utils",
        "type": "github"
      }
    },
    "x": {
      "inputs": {
        "nixpkgs": [
          "nixpkgs"
        ]
      },
      "locked": {
        "lastModified": 1680879729,
        "narHash": "sha256-ItGaOeb0wt8ESKTJxPkFVbV8cyR/0RhSFVltelLQ9b4=",
        "owner": "thexyno",
        "repo": "x",
        "rev": "5b15dd8e511c9cd39c7dbfa583e2c85ff30afecb",
        "type": "github"
      },
      "original": {
        "owner": "thexyno",
        "repo": "x",
        "type": "github"
      }
    },
    "xonsh-direnv": {
      "flake": false,
      "locked": {
        "lastModified": 1655602282,
        "narHash": "sha256-h56Gx/MMCW4L6nGwLAhBkiR7bX+qfFk80LEsJMiDtjQ=",
        "owner": "74th",
        "repo": "xonsh-direnv",
        "rev": "3bea5847b9459c5799c64966ec85e624d0be69b9",
        "type": "github"
      },
      "original": {
        "owner": "74th",
        "repo": "xonsh-direnv",
        "type": "github"
      }
    },
    "xonsh-fish-completer": {
      "flake": false,
      "locked": {
        "lastModified": 1714421521,
        "narHash": "sha256-blI3XPu7QkFNhxSNoHk+/TAS2rSmawt15AKrb3oA+BQ=",
        "owner": "xonsh",
        "repo": "xontrib-fish-completer",
        "rev": "2a7ceebc3efdd13ab5d67e749bb1d8c1913acc73",
        "type": "github"
      },
      "original": {
        "owner": "xonsh",
        "repo": "xontrib-fish-completer",
        "type": "github"
      }
    },
    "xynoblog": {
      "inputs": {
        "nixpkgs": [
          "nixpkgs"
        ]
      },
      "locked": {
        "lastModified": 1706997252,
        "narHash": "sha256-rkHs5jwc9fBvVhcrqbn81m8s7IvC4PIfP4puPxGiBek=",
        "owner": "thexyno",
        "repo": "blog",
        "rev": "25b1d1889ffccb8a1d6cec4c0ab846fb29c0a8d8",
        "type": "github"
      },
      "original": {
        "owner": "thexyno",
        "repo": "blog",
        "type": "github"
      }
    },
    "zsh-completions": {
      "flake": false,
      "locked": {
        "lastModified": 1714017803,
        "narHash": "sha256-eqpZp61qCrdp6yrexQJWgEl9Efjk/aTj/AImplpl6gg=",
        "owner": "zsh-users",
        "repo": "zsh-completions",
        "rev": "b1cf65187047a83e27a0847bd565dcf28b5be465",
        "type": "github"
      },
      "original": {
        "owner": "zsh-users",
        "repo": "zsh-completions",
        "type": "github"
      }
    },
    "zsh-syntax-highlighting": {
      "flake": false,
      "locked": {
        "lastModified": 1704566212,
        "narHash": "sha256-4rW2N+ankAH4sA6Sa5mr9IKsdAg7WTgrmyqJ2V1vygQ=",
        "owner": "zsh-users",
        "repo": "zsh-syntax-highlighting",
        "rev": "e0165eaa730dd0fa321a6a6de74f092fe87630b0",
        "type": "github"
      },
      "original": {
        "owner": "zsh-users",
        "ref": "master",
        "repo": "zsh-syntax-highlighting",
        "type": "github"
      }
    },
    "zsh-vim-mode": {
      "flake": false,
      "locked": {
        "lastModified": 1616290526,
        "narHash": "sha256-a+6EWMRY1c1HQpNtJf5InCzU7/RphZjimLdXIXbO6cQ=",
        "owner": "softmoth",
        "repo": "zsh-vim-mode",
        "rev": "1f9953b7d6f2f0a8d2cb8e8977baa48278a31eab",
        "type": "github"
      },
      "original": {
        "owner": "softmoth",
        "repo": "zsh-vim-mode",
        "type": "github"
      }
    }
  },
  "root": "root",
  "version": 7
}
