{
  "nodes": {
    "agenix": {
      "inputs": {
        "flake-utils": "flake-utils",
        "nixpkgs": [
          "nixpkgs"
        ]
      },
      "locked": {
        "lastModified": 1615916832,
        "narHash": "sha256-2F/ZLEw1KzcRPKQouA3Aa4i6IVfUwB8Ypq3nwEtVYL4=",
        "owner": "ryantm",
        "repo": "agenix",
        "rev": "f30f0eeb116ad1bebf5f0c48d53682de5e3be3a5",
        "type": "github"
      },
      "original": {
        "owner": "ryantm",
        "repo": "agenix",
        "type": "github"
      }
    },
    "agkozak-zsh-prompt": {
      "flake": false,
      "locked": {
        "lastModified": 1608607810,
        "narHash": "sha256-VTRL+8ph2eI7iPht15epkLggAgtLGxB3DORFTW5GrhE=",
        "owner": "agkozak",
        "repo": "agkozak-zsh-prompt",
        "rev": "b6106d95fb9a006c7f9fd6cdc7c0cbd2fe51365a",
        "type": "github"
      },
      "original": {
        "owner": "agkozak",
        "repo": "agkozak-zsh-prompt",
        "type": "github"
      }
    },
    "coc-nvim": {
      "flake": false,
      "locked": {
        "lastModified": 1619429435,
        "narHash": "sha256-CqDfhhmkBW0ZiyBQa50wZNKRFjD/VahL7h1MkAmLdtE=",
        "owner": "neoclide",
        "repo": "coc.nvim",
        "rev": "35dcebf8ba0f0b405578d3d919bc54ae2a651138",
        "type": "github"
      },
      "original": {
        "owner": "neoclide",
        "ref": "release",
        "repo": "coc.nvim",
        "type": "github"
      }
    },
    "dwm": {
      "flake": false,
      "locked": {
        "lastModified": 1615809470,
        "narHash": "sha256-1amSnrFWM5SKx+GFid+LJYjD/KNuYQEPmb3fsLPfovY=",
        "ref": "master",
        "rev": "c90a540f113dcd78c75ca1fb0659707dd0d0d636",
        "revCount": 1691,
        "type": "git",
        "url": "https://gitlab.hochkamp.eu/ragon/dwm"
      },
      "original": {
        "type": "git",
        "url": "https://gitlab.hochkamp.eu/ragon/dwm"
      }
    },
    "flake-utils": {
      "locked": {
        "lastModified": 1600209923,
        "narHash": "sha256-zoOWauTliFEjI++esk6Jzk7QO5EKpddWXQm9yQK24iM=",
        "owner": "numtide",
        "repo": "flake-utils",
        "rev": "3cd06d3c1df6879c9e41cb2c33113df10566c760",
        "type": "github"
      },
      "original": {
        "owner": "numtide",
        "repo": "flake-utils",
        "type": "github"
      }
    },
    "home-manager": {
      "inputs": {
        "nixpkgs": [
          "nixpkgs"
        ]
      },
      "locked": {
        "lastModified": 1619330208,
        "narHash": "sha256-l2Ci3ZPsdjMoWtRdTEQQBOkYUisKYxfjeUs5QCTtuEY=",
        "owner": "nix-community",
        "repo": "home-manager",
        "rev": "827636c619ce0d8178ddc08ab86ee92b50f2e5b4",
        "type": "github"
      },
      "original": {
        "owner": "nix-community",
        "repo": "home-manager",
        "type": "github"
      }
    },
    "impermanence": {
      "locked": {
        "lastModified": 1611747548,
        "narHash": "sha256-2z5wmWda1uI4IkTZrW52jiHq3bzhYLc+GgjvaSd544M=",
        "owner": "nix-community",
        "repo": "impermanence",
        "rev": "58558845bc68dcf2bb32caa80564f7fe3f6cbc61",
        "type": "github"
      },
      "original": {
        "owner": "nix-community",
        "repo": "impermanence",
        "type": "github"
      }
    },
    "nextshot": {
      "flake": false,
      "locked": {
        "lastModified": 1597299824,
        "narHash": "sha256-mDn4Iz14AOWZNQE6y9ck49Tc+jXVpZ5wMEqmBSyjc7s=",
        "owner": "dshoreman",
        "repo": "nextshot",
        "rev": "e0e520a038479e161fee34cf7a9d7078a7a680c4",
        "type": "github"
      },
      "original": {
        "owner": "dshoreman",
        "ref": "develop",
        "repo": "nextshot",
        "type": "github"
      }
    },
    "nixpkgs": {
      "locked": {
        "lastModified": 1619323048,
        "narHash": "sha256-wiLspuRrtX4JPO2Xpd0ySsaN+g5i5BVfslCfcIcHSrU=",
        "owner": "NixOS",
        "repo": "nixpkgs",
        "rev": "1fe6ed37fd9beb92afe90671c0c2a662a03463dd",
        "type": "github"
      },
      "original": {
        "owner": "NixOS",
        "ref": "nixos-unstable",
        "repo": "nixpkgs",
        "type": "github"
      }
    },
    "nixpkgs-master": {
      "locked": {
        "lastModified": 1619491792,
        "narHash": "sha256-aQbD8LQzokrAJzKWDkkRuIT87jWI1WJenBgkEinCBiU=",
        "owner": "NixOS",
        "repo": "nixpkgs",
        "rev": "bb149eb1192f278f95d0b870140750aac1bd81c0",
        "type": "github"
      },
      "original": {
        "owner": "NixOS",
        "repo": "nixpkgs",
        "type": "github"
      }
    },
    "nnn-vim": {
      "flake": false,
      "locked": {
        "lastModified": 1616371434,
        "narHash": "sha256-4njrGpFDSweraFmwclWVU5LykKuc5RI9JkVCgVBCumQ=",
        "owner": "mcchrish",
        "repo": "nnn.vim",
        "rev": "6408b859f9fac3880d82109d25874fb6656026d9",
        "type": "github"
      },
      "original": {
        "owner": "mcchrish",
        "repo": "nnn.vim",
        "type": "github"
      }
    },
    "pandoc-latex-template": {
      "flake": false,
      "locked": {
        "lastModified": 1612737722,
        "narHash": "sha256-kVdpEbN2PQjQOehHyaTTJYA+C+KDqAnRRxlISnPhqYY=",
        "owner": "Wandmalfarbe",
        "repo": "pandoc-latex-template",
        "rev": "ad404d04461ecf92772e3f4defac2d649092b4ce",
        "type": "github"
      },
      "original": {
        "owner": "Wandmalfarbe",
        "repo": "pandoc-latex-template",
        "type": "github"
      }
    },
    "pandocode": {
      "flake": false,
      "locked": {
        "lastModified": 1618511054,
        "narHash": "sha256-CfOsr6xVc8NE5XbftWLIh+V5J5WL3M7qOewg4RtKRCk=",
        "owner": "nzbr",
        "repo": "pandocode",
        "rev": "8f021538b71029e7f9efa7d04b4dfffd4d72a0ca",
        "type": "github"
      },
      "original": {
        "owner": "nzbr",
        "repo": "pandocode",
        "type": "github"
      }
    },
    "root": {
      "inputs": {
        "agenix": "agenix",
        "agkozak-zsh-prompt": "agkozak-zsh-prompt",
        "coc-nvim": "coc-nvim",
        "dwm": "dwm",
        "home-manager": "home-manager",
        "impermanence": "impermanence",
        "nextshot": "nextshot",
        "nixpkgs": "nixpkgs",
        "nixpkgs-master": "nixpkgs-master",
        "nnn-vim": "nnn-vim",
        "pandoc-latex-template": "pandoc-latex-template",
        "pandocode": "pandocode",
        "zsh-completions": "zsh-completions",
        "zsh-syntax-highlighting": "zsh-syntax-highlighting",
        "zsh-vim-mode": "zsh-vim-mode"
      }
    },
    "zsh-completions": {
      "flake": false,
      "locked": {
        "lastModified": 1619321425,
        "narHash": "sha256-gnpVEcBnY3R4vBQvdNclA7BejeCQYGx8Mlln922Qcog=",
        "owner": "zsh-users",
        "repo": "zsh-completions",
        "rev": "773ead6ea7b579106624851404d4f651acd5e042",
        "type": "github"
      },
      "original": {
        "owner": "zsh-users",
        "repo": "zsh-completions",
        "type": "github"
      }
    },
    "zsh-syntax-highlighting": {
      "flake": false,
      "locked": {
        "lastModified": 1618396758,
        "narHash": "sha256-i2AT28UvxbYYEUNDR7tbDA2MJyKWYVmJqROWYkBaNWI=",
        "owner": "zsh-users",
        "repo": "zsh-syntax-highlighting",
        "rev": "ebef4e55691f62e630318d56468e5798367aa81c",
        "type": "github"
      },
      "original": {
        "owner": "zsh-users",
        "ref": "master",
        "repo": "zsh-syntax-highlighting",
        "type": "github"
      }
    },
    "zsh-vim-mode": {
      "flake": false,
      "locked": {
        "lastModified": 1616290526,
        "narHash": "sha256-a+6EWMRY1c1HQpNtJf5InCzU7/RphZjimLdXIXbO6cQ=",
        "owner": "softmoth",
        "repo": "zsh-vim-mode",
        "rev": "1f9953b7d6f2f0a8d2cb8e8977baa48278a31eab",
        "type": "github"
      },
      "original": {
        "owner": "softmoth",
        "repo": "zsh-vim-mode",
        "type": "github"
      }
    }
  },
  "root": "root",
  "version": 7
}
